# THIS IS AN AUTOGENERATED FILE. DO NOT EDIT THIS FILE DIRECTLY.
# yarn lockfile v1


nanolith@^0.4.3:
  version "0.4.3"
  resolved "https://registry.yarnpkg.com/nanolith/-/nanolith-0.4.3.tgz#b015f5ff2a07f5e687d4b1b767bd8b29004b9fb8"
  integrity sha512-s4R6o1DeA6xI2VhiAMl3rUB8aG+7Tu3Zf2nX8cXOvYmf1l5libfxKgWZX2ulXrgkeTUKrmKoz8+toKggPGE0lA==
  dependencies:
    tiny-typed-emitter "^2.1.0"

tiny-typed-emitter@^2.1.0:
  version "2.1.0"
  resolved "https://registry.yarnpkg.com/tiny-typed-emitter/-/tiny-typed-emitter-2.1.0.tgz#b3b027fdd389ff81a152c8e847ee2f5be9fad7b5"
  integrity sha512-qVtvMxeXbVej0cQWKqVSSAHmKZEHAvxdF8HEUBFWts8h+xEo5m/lEiPakuyZ3BnCBjOD8i24kzNOiOLLgsSxhA==
